{
  "name": "map-generator",
  "lockfileVersion": 3,
  "requires": true,
  "packages": {
    "": {
      "dependencies": {
        "polylabel": "^2.0.1"
      }
    },
    "node_modules/polylabel": {
      "version": "2.0.1",
      "resolved": "https://registry.npmjs.org/polylabel/-/polylabel-2.0.1.tgz",
      "integrity": "sha512-B6Yu+Bdl/8SGtjVhyUfZzD3DwciCS9SPVtHiNdt8idHHatvTHp5Ss8XGDRmQFtfF1ZQnfK+Cj5dXdpkUXBbXgA==",
      "dependencies": {
        "tinyqueue": "^3.0.0"
      }
    },
    "node_modules/tinyqueue": {
      "version": "3.0.0",
      "resolved": "https://registry.npmjs.org/tinyqueue/-/tinyqueue-3.0.0.tgz",
      "integrity": "sha512-gRa9gwYU3ECmQYv3lslts5hxuIa90veaEcxDYuu3QGOIAEM2mOZkVHp48ANJuu1CURtRdHKUBY5Lm1tHV+sD4g=="
    }
  }
}
